hash: 277f2b253cb379682781cafab13ded62fd15a41a03e30009fbbcb742cc7936dd
updated: 2016-03-14T00:11:34.595743997+11:00
imports:
- name: github.com/elastic/beats
  version: ae30528774fffa5879392388f651286785118d38
  subpackages:
  - libbeat/beat
  - libbeat/cfgfile
  - libbeat/common
  - libbeat/logp
- name: github.com/elastic/libbeat
  version: 887c72e35a6672c6e1118a4e66fa0535b0fd386b
  subpackages:
  - beat
  - cfgfile
  - common
  - logp
  - publisher
  - outputs
  - outputs/console
  - outputs/elasticsearch
  - outputs/fileout
  - outputs/logstash
  - outputs/redis
  - service
  - outputs/mode
- name: github.com/garyburd/redigo
  version: 4ed1111375cbeb698249ffe48dd463e9b0a63a7a
  subpackages:
  - redis
  - internal
- name: github.com/nranchev/go-libGeoIP
  version: c78e8bd2dd3599feb21fd30886043979e82fe948
- name: github.com/tatsushid/go-fastping
  version: d7bb493dee3e090e2ffb6914adddf17c1e7c026c
- name: golang.org/x/net
  version: e7da8edaa52631091740908acaf2c2d4c9b3ce90
  subpackages:
  - icmp
  - ipv4
  - ipv6
  - internal/iana
- name: golang.org/x/sys
  version: 7a56174f0086b32866ebd746a794417edbc678a1
  subpackages:
  - windows/svc
  - windows/svc/debug
  - windows
- name: gopkg.in/yaml.v2
  version: a83829b6f1293c91addabc89d0571c246397bbf4
devImports: []
